{
  "name": "linkgov-institutional",
  "version": "1.0.0",
  "lockfileVersion": 3,
  "requires": true,
  "packages": {
    "": {
      "name": "linkgov-institutional",
      "version": "1.0.0",
      "license": "UNLICENSED",
      "dependencies": {
        "@dnd-kit/core": "^6.3.1",
        "@dnd-kit/sortable": "^10.0.0",
        "@dnd-kit/utilities": "^3.2.2",
        "hono": "^4.12.26",
        "jose": "^6.2.3",
        "lucide-react": "^1.21.0",
        "react": "^19.2.7",
        "react-dom": "^19.2.7"
      },
      "devDependencies": {
        "@cloudflare/workers-types": "^5.20260716.1",
        "@testing-library/jest-dom": "^6.9.1",
        "@testing-library/react": "^16.3.2",
        "@types/react": "^19.2.17",
        "@types/react-dom": "^19.2.3",
        "@vitejs/plugin-react": "^4.7.0",
        "concurrently": "^9.2.3",
        "jsdom": "^24.1.3",
        "typescript": "^6.0.3",
        "vite": "^6.4.3",
        "vitest": "^4.1.9",
        "wrangler": "^4.111.0"
      },
      "engines": {
        "node": ">=22.0.0"
      }
    },
    "node_modules/@adobe/css-tools": {
      "version": "4.5.0",
      "resolved": "https://registry.npmjs.org/@adobe/css-tools/-/css-tools-4.5.0.tgz",
      "integrity": "sha512-6OzddxPio9UiWTCemp4N8cYLV2ZN1ncRnV1cVGtve7dhPOtRkleRyx32GQCYSwDYgaHU3USMm84tNsvKzRCa1Q==",
      "dev": true,
      "license": "MIT"
    },
    "node_modules/@asamuzakjp/css-color": {
      "version": "3.2.0",
      "resolved": "https://registry.npmjs.org/@asamuzakjp/css-color/-/css-color-3.2.0.tgz",
      "integrity": "sha512-K1A6z8tS3XsmCMM86xoWdn7Fkdn9m6RSVtocUrJYIwZnFVkng/PvkEoWtOWmP+Scc6saYWHWZYbndEEXxl24jw==",
      "dev": true,
      "license": "MIT",
      "dependencies": {
        "@csstools/css-calc": "^2.1.3",
        "@csstools/css-color-parser": "^3.0.9",
        "@csstools/css-parser-algorithms": "^3.0.4",
        "@csstools/css-tokenizer": "^3.0.3",
        "lru-cache": "^10.4.3"
      }
    },
    "node_modules/@asamuzakjp/css-color/node_modules/lru-cache": {
      "version": "10.4.3",
      "resolved": "https://registry.npmjs.org/lru-cache/-/lru-cache-10.4.3.tgz",
      "integrity": "sha512-JNAzZcXrCt42VGLuYz0zfAzDfAvJWW6AfYlDBQyDV5DClI2m5sAmK+OIO7s59XfsRsWHp02jAJrRadPRGTt6SQ==",
      "dev": true,
      "license": "ISC"
    },
    "node_modules/@babel/code-frame": {
      "version": "7.29.7",
      "resolved": "https://registry.npmjs.org/@babel/code-frame/-/code-frame-7.29.7.tgz",
      "integrity": "sha512-Aup7aUOfpbAUg2ROOJN6Iw5f9DMBlzu0mIkm/malLQFN/YQgO48wCj0Kxa3sEHJvPVFg7siR+qRInwXd2qhQKw==",
      "dev": true,
      "license": "MIT",
      "dependencies": {
        "@babel/helper-validator-identifier": "^7.29.7",
        "js-tokens": "^4.0.0",
        "picocolors": "^1.1.1"
      },
      "engines": {
        "node": ">=6.9.0"
      }
    },
    "node_modules/@babel/compat-data": {
      "version": "7.29.7",
      "resolved": "https://registry.npmjs.org/@babel/compat-data/-/compat-data-7.29.7.tgz",
      "integrity": "sha512-locTkQyKvwIEgBzVrn8693ebc97F2U8ZHjbXwDXJ5Fn2TCpNwTlKcaKLkdHop5c/icOFE7qt7Q9JC5hnKNa6Gg==",
      "dev": true,
      "license": "MIT",
      "engines": {
        "node": ">=6.9.0"
      }
    },
    "node_modules/@babel/core": {
      "version": "7.29.7",
      "resolved": "https://registry.npmjs.org/@babel/core/-/core-7.29.7.tgz",
      "integrity": "sha512-RgHBCvtjbOK2gXSNBNIkNoEc9qoVEtau3hj8gEqKQuL3HZAibKarWFEI3Lfm6EYKkLalOh8eSrj9b+ch9H/VBA==",
      "dev": true,
      "license": "MIT",
      "dependencies": {
        "@babel/code-frame": "^7.29.7",
        "@babel/generator": "^7.29.7",
        "@babel/helper-compilation-targets": "^7.29.7",
        "@babel/helper-module-transforms": "^7.29.7",
        "@babel/helpers": "^7.29.7",
        "@babel/parser": "^7.29.7",
        "@babel/template": "^7.29.7",
        "@babel/traverse": "^7.29.7",
        "@babel/types": "^7.29.7",
        "@jridgewell/remapping": "^2.3.5",
        "convert-source-map": "^2.0.0",
        "debug": "^4.1.0",
        "gensync": "^1.0.0-beta.2",
        "json5": "^2.2.3",
        "semver": "^6.3.1"
      },
      "engines": {
        "node": ">=6.9.0"
      },
      "funding": {
        "type": "opencollective",
        "url": "https://opencollective.com/babel"
      }
    },
    "node_modules/@babel/generator": {
      "version": "7.29.7",
      "resolved": "https://registry.npmjs.org/@babel/generator/-/generator-7.29.7.tgz",
      "integrity": "sha512-DkXD5OJQaAQIdZ1bt3UZdEnHAn9Imd3IVBdX03UFe+ony9Ojw5pzr9YVKGDY1jt+Gcn/FnGkNf8r+Vj5NOJWtQ==",
      "dev": true,
      "license": "MIT",
      "dependencies": {
        "@babel/parser": "^7.29.7",
        "@babel/types": "^7.29.7",
        "@jridgewell/gen-mapping": "^0.3.12",
        "@jridgewell/trace-mapping": "^0.3.28",
        "jsesc": "^3.0.2"
      },
      "engines": {
        "node": ">=6.9.0"
      }
    },
    "node_modules/@babel/helper-compilation-targets": {
      "version": "7.29.7",
      "resolved": "https://registry.npmjs.org/@babel/helper-compilation-targets/-/helper-compilation-targets-7.29.7.tgz",
      "integrity": "sha512-wem6WaBj4NaVYVdNhLPPVacES6ZJ+KBBfSkTMD3YZxbP3rm3Di85tJU5ljaUNhaOynt+Aj0xruhYuzQBt8n71g==",
      "dev": true,
      "license": "MIT",
      "dependencies": {
        "@babel/compat-data": "^7.29.7",
        "@babel/helper-validator-option": "^7.29.7",
        "browserslist": "^4.24.0",
        "lru-cache": "^5.1.1",
        "semver": "^6.3.1"
      },
      "engines": {
        "node": ">=6.9.0"
      }
    },
    "node_modules/@babel/helper-globals": {
      "version": "7.29.7",
      "resolved": "https://registry.npmjs.org/@babel/helper-globals/-/helper-globals-7.29.7.tgz",
      "integrity": "sha512-3nQVUAtvkKH9zahfWgw96Jc/uFOmjACE1kQz82E2lqWmHBgjzbNlsC22nuQTfahmWeQtTq5nQ/4Nnd2A1wj4zA==",
      "dev": true,
      "license": "MIT",
      "engines": {
        "node": ">=6.9.0"
      }
    },
    "node_modules/@babel/helper-module-imports": {
      "version": "7.29.7",
      "resolved": "https://registry.npmjs.org/@babel/helper-module-imports/-/helper-module-imports-7.29.7.tgz",
      "integrity": "sha512-ejHwrQQYcm9xnTivShn2IDOlIzInN34AXskvq9QicvCtEzq1Vzclu/tKF8Jq1Cg8JG2GL6/EmjgsCT7lXepE3g==",
      "dev": true,
      "license": "MIT",
      "dependencies": {
        "@babel/traverse": "^7.29.7",
        "@babel/types": "^7.29.7"
      },
      "engines": {
        "node": ">=6.9.0"
      }
    },
    "node_modules/@babel/helper-module-transforms": {
      "version": "7.29.7",
      "resolved": "https://registry.npmjs.org/@babel/helper-module-transforms/-/helper-module-transforms-7.29.7.tgz",
      "integrity": "sha512-UPUVSyXbOh627KiCIGQSgwWzGeBKLkaJ9PJEdrngIwMSzxLR4jS4+f1f1jb7VzBbg8nFLaYotvVPFCTqdrmTAg==",
      "dev": true,
      "license": "MIT",
      "dependencies": {
        "@babel/helper-module-imports": "^7.29.7",
        "@babel/helper-validator-identifier": "^7.29.7",
        "@babel/traverse": "^7.29.7"
      },
      "engines": {
        "node": ">=6.9.0"
      },
      "peerDependencies": {
        "@babel/core": "^7.0.0"
      }
    },
    "node_modules/@babel/helper-plugin-utils": {
      "version": "7.29.7",
      "resolved": "https://registry.npmjs.org/@babel/helper-plugin-utils/-/helper-plugin-utils-7.29.7.tgz",
      "integrity": "sha512-G7sHYigPY17oO5SYWnfD/0MTBwVR781S/JI643e/JhUYgVgWE/61SoW3NH9KWUKyKq5LVh3npif99Wkt6j86Jw==",
      "dev": true,
      "license": "MIT",
      "engines": {
        "node": ">=6.9.0"
      }
    },
    "node_modules/@babel/helper-string-parser": {
      "version": "7.29.7",
      "resolved": "https://registry.npmjs.org/@babel/helper-string-parser/-/helper-string-parser-7.29.7.tgz",
      "integrity": "sha512-Pb5ijPrZ89GDH8223L4UP8i6QApWxs04RbPQJTeWDV0/keR2E36MeKnyr6LYmUUvqRRI+Iv87SuF1W6ErINzYw==",
      "dev": true,
      "license": "MIT",
      "engines": {
        "node": ">=6.9.0"
      }
    },
    "node_modules/@babel/helper-validator-identifier": {
      "version": "7.29.7",
      "resolved": "https://registry.npmjs.org/@babel/helper-validator-identifier/-/helper-validator-identifier-7.29.7.tgz",
      "integrity": "sha512-qehxGkRj55h/ff8EMaJ+cYhyaKlHIxqYDn682wQD7RNp9UujOQsHog2uS0r2vzr4pW+sXf90NeeayjcNaX3fFg==",
      "dev": true,
      "license": "MIT",
      "engines": {
        "node": ">=6.9.0"
      }
    },
    "node_modules/@babel/helper-validator-option": {
      "version": "7.29.7",
      "resolved": "https://registry.npmjs.org/@babel/helper-validator-option/-/helper-validator-option-7.29.7.tgz",
      "integrity": "sha512-N9ZErrD+yW5geCDtBqnOoxmR8+tNKiGuxKlDpuJxfsqpa2dFcexaziGAE/qoHLiDDreVNMupxGmSoNlyvsA3gw==",
      "dev": true,
      "license": "MIT",
      "engines": {
        "node": ">=6.9.0"
      }
    },
    "node_modules/@babel/helpers": {
      "version": "7.29.7",
      "resolved": "https://registry.npmjs.org/@babel/helpers/-/helpers-7.29.7.tgz",
      "integrity": "sha512-1k2lAGRMfHTcwuNYcCNUmaUffmQv8KWMfh2iJUUeRlwlwH4FdNG7mfPI10NPfLHJFThE4Tyr4mv7kTNZOiPuBg==",
      "dev": true,
      "license": "MIT",
      "dependencies": {
        "@babel/template": "^7.29.7",
        "@babel/types": "^7.29.7"
      },
      "engines": {
        "node": ">=6.9.0"
      }
    },
    "node_modules/@babel/parser": {
      "version": "7.29.7",
      "resolved": "https://registry.npmjs.org/@babel/parser/-/parser-7.29.7.tgz",
      "integrity": "sha512-hnORnjP/1P/zFEndoeX+n+t1RwWRJiJpM/jO7FW32Kn9r5+sJB2JWOdYo4L6k78j15eCwY3Gm/7364B1EMwtNg==",
      "dev": true,
      "license": "MIT",
      "dependencies": {
        "@babel/types": "^7.29.7"
      },
      "bin": {
        "parser": "bin/babel-parser.js"
      },
      "engines": {
        "node": ">=6.0.0"
      }
    },
    "node_modules/@babel/plugin-transform-react-jsx-self": {
      "version": "7.29.7",
      "resolved": "https://registry.npmjs.org/@babel/plugin-transform-react-jsx-self/-/plugin-transform-react-jsx-self-7.29.7.tgz",
      "integrity": "sha512-TL0hMc9xzy86VD31nUiwzd5otRAcyEPcsegCxolO0PvcXuH1v0kECe/UIznYFihpkvU5wg/jk4v0TTEFfm53fw==",
      "dev": true,
      "license": "MIT",
      "dependencies": {
        "@babel/helper-plugin-utils": "^7.29.7"
      },
      "engines": {
        "node": ">=6.9.0"
      },
      "peerDependencies": {
        "@babel/core": "^7.0.0-0"
      }
    },
    "node_modules/@babel/plugin-transform-react-jsx-source": {
      "version": "7.29.7",
      "resolved": "https://registry.npmjs.org/@babel/plugin-transform-react-jsx-source/-/plugin-transform-react-jsx-source-7.29.7.tgz",
      "integrity": "sha512-06IyK09H3wi4cGbhDBwp5gUGo0IKtnYa8tyTiephirPCK6fbobVGiXMMI5zLQ4aKEYP3wZ3ArU44o+8KMrSG/Q==",
      "dev": true,
      "license": "MIT",
      "dependencies": {
        "@babel/helper-plugin-utils": "^7.29.7"
      },
      "engines": {
        "node": ">=6.9.0"
      },
      "peerDependencies": {
        "@babel/core": "^7.0.0-0"
      }
    },
    "node_modules/@babel/runtime": {
      "version": "7.29.7",
      "resolved": "https://registry.npmjs.org/@babel/runtime/-/runtime-7.29.7.tgz",
      "integrity": "sha512-Nq8OhGWiZIZGV6hLHoyAKLLcJihP/xFeBMGJoUrxTX2psI8dCifzLhZISFb+VWS3wFMRDmCGw5R+dOySCqPLhw==",
      "dev": true,
      "license": "MIT",
      "engines": {
        "node": ">=6.9.0"
      }
    },
    "node_modules/@babel/template": {
      "version": "7.29.7",
      "resolved": "https://registry.npmjs.org/@babel/template/-/template-7.29.7.tgz",
      "integrity": "sha512-puq+Gf35oI24FeN11LkoUQFqv9uwNeWpxXZi/Ji3rRIoKAzKnxRaZ+Gkj0vKS9ZCiTESfng1N9LyOyXvo+m+Gg==",
      "dev": true,
      "license": "MIT",
      "dependencies": {
        "@babel/code-frame": "^7.29.7",
        "@babel/parser": "^7.29.7",
        "@babel/types": "^7.29.7"
      },
      "engines": {
        "node": ">=6.9.0"
      }
    },
    "node_modules/@babel/traverse": {
      "version": "7.29.7",
      "resolved": "https://registry.npmjs.org/@babel/traverse/-/traverse-7.29.7.tgz",
      "integrity": "sha512-EhlfNQtZ+NK22w5BM61ciuiq1m58ed33Wr1Xan//ZRTy6hgjnwyCffRYwzsGXdASJSUJ1guZILsErh1eQcl+zw==",
      "dev": true,
      "license": "MIT",
      "dependencies": {
        "@babel/code-frame": "^7.29.7",
        "@babel/generator": "^7.29.7",
        "@babel/helper-globals": "^7.29.7",
        "@babel/parser": "^7.29.7",
        "@babel/template": "^7.29.7",
        "@babel/types": "^7.29.7",
        "debug": "^4.3.1"
      },
      "engines": {
        "node": ">=6.9.0"
      }
    },
    "node_modules/@babel/types": {
      "version": "7.29.7",
      "resolved": "https://registry.npmjs.org/@babel/types/-/types-7.29.7.tgz",
      "integrity": "sha512-4zBIxpPzowiZpusoFkyGVwakdRJUyuH5PxQ/PrqghfdFWWasvnCdPfQXHrenDai+gyLARulZjZowCOj6fjT4pA==",
      "dev": true,
      "license": "MIT",
      "dependencies": {
        "@babel/helper-string-parser": "^7.29.7",
        "@babel/helper-validator-identifier": "^7.29.7"
      },
      "engines": {
        "node": ">=6.9.0"
      }
    },
    "node_modules/@cloudflare/kv-asset-handler": {
      "version": "0.5.0",
      "resolved": "https://registry.npmjs.org/@cloudflare/kv-asset-handler/-/kv-asset-handler-0.5.0.tgz",
      "integrity": "sha512-jxQYkj8dSIzc0cD6cMMNdOc1UVjqSqu8BZdor5s8cGjW2I8BjODt/kWPVdY+u9zj3ms75Q5qaZgnxUad83+eAg==",
      "dev": true,
      "license": "MIT OR Apache-2.0",
      "engines": {
        "node": ">=22.0.0"
      }
    },
    "node_modules/@cloudflare/unenv-preset": {
      "version": "2.16.1",
      "resolved": "https://registry.npmjs.org/@cloudflare/unenv-preset/-/unenv-preset-2.16.1.tgz",
      "integrity": "sha512-ECxObrMfyTl5bhQf/lZCXwo5G6xX9IAUo+nDMKK4SZ8m4Jvvxp52vilxyySSWh2YTZz8+HQ07qGH/2rEom1vDw==",
      "dev": true,
      "license": "MIT OR Apache-2.0",
      "peerDependencies": {
        "unenv": "2.0.0-rc.24",
        "workerd": ">1.20260305.0 <2.0.0-0"
      },
      "peerDependenciesMeta": {
        "workerd": {
          "optional": true
        }
      }
    },
    "node_modules/@cloudflare/workerd-darwin-64": {
      "version": "1.20260710.1",
      "resolved": "https://registry.npmjs.org/@cloudflare/workerd-darwin-64/-/workerd-darwin-64-1.20260710.1.tgz",
      "integrity": "sha512-OqJl2eWF5+y9jarMm3YqqCTUe7Hd4ihogX5jyRU8iaAgOVyDr/Bk6aXpPCVUi1/MHzO93a18R/TmSTtzmB0sQw==",
      "cpu": [
        "x64"
      ],
      "dev": true,
      "license": "Apache-2.0",
      "optional": true,
      "os": [
        "darwin"
      ],
      "engines": {
        "node": ">=16"
      }
    },
    "node_modules/@cloudflare/workerd-darwin-arm64": {
      "version": "1.20260710.1",
      "resolved": "https://registry.npmjs.org/@cloudflare/workerd-darwin-arm64/-/workerd-darwin-arm64-1.20260710.1.tgz",
      "integrity": "sha512-MYBqWgUblO+VlGvO73zYsH3hB9tdRj+yLyt5IHDFWryipb2l1efmNiWtAOkIhSRfypqLYGFrfpaDm2Hg00XVKw==",
      "cpu": [
        "arm64"
      ],
      "dev": true,
      "license": "Apache-2.0",
      "optional": true,
      "os": [
        "darwin"
      ],
      "engines": {
        "nã½8öÚ$z{-®éÜj×’#¢'6†S"×e„$ô…2¶CU“s#$wt§¤¥WDôÆÅƒv¶Ó47&öv÷&ÔcGEC$2öÃ4…%v¤ÇVäÄvSS6ƒU••t´ÔdG•cE7†tÕ•EÓÒ"À¢&7R#¢°¢&&Ò ¢ÒÀ¢&FWb#¢G'VRÀ¢&Æ–6Vç6R#¢$Ô•B"À¢&÷F–öæÂ#¢G'VRÀ¢&÷2#¢°¢&Æ–çW‚ ¢ÒÀ¢&Væv–æW2#¢°¢&æöFR#¢#ãÓ‚ ¢Ð¢ÒÀ¢&æöFUöÖöGVÆW2÷w&ævÆW"öæöFUöÖöGVÆW2ôW6'V–ÆBöÆ–çW‚Ö&ÓcB#¢°¢'fW'6–öâ#¢#ã#‚ã"À¢'&W6öÇfVB#¢&‡GG3¢ò÷&Vv—7G'’æçÖ§2æ÷&rôW6'V–ÆBöÆ–çW‚Ö&ÓcBòÒöÆ–çW‚Ö&ÓcBÓã#‚ãçFw¢"À¢&–çFVw&—G’#¢'6†S"×”‡2³V3‚¶çdTdg‡%u´³WU4ç¤&3EVv4ÔóT£&…CsTwd#„–†s&Ssu#%u4sWU–¥$†ÄÄÆ×fSDÄÄÅ$6csÓÒ"À¢&7R#¢°¢&&ÓcB ¢ÒÀ¢&FWb#¢G'VRÀ¢&Æ–6Vç6R#¢$Ô•B"À¢&÷F–öæÂ#¢G'VRÀ¢&÷2#¢°¢&Æ–çW‚ ¢ÒÀ¢&Væv–æW2#¢°¢&æöFR#¢#ãÓ‚ ¢Ð¢ÒÀ¢&æöFUöÖöGVÆW2÷w&ævÆW"öæöFUöÖöGVÆW2ôW6'V–ÆBöÆ–çW‚Ö–3"#¢°¢'fW'6–öâ#¢#ã#‚ã"À¢'&W6öÇfVB#¢&‡GG3¢ò÷&Vv—7G'’æçÖ§2æ÷&rôW6'V–ÆBöÆ–çW‚Ö–3"òÒöÆ–çW‚Ö–3"Óã#‚ãçFw¢"À¢&–çFVw&—G’#¢'6†S"ÖC£E§U§&g¢ôf„uCGgc#s‡%ƒ„¶å§ƒ†“R´D³uE–'ƒ”ÆS”c‡—§W%§´W–¦´v–ETv…÷sD3æÖTwg„ã'sÓÒ"À¢&7R#¢°¢&–3" ¢ÒÀ¢&FWb#¢G'VRÀ¢&Æ–6Vç6R#¢$Ô•B"À¢&÷F–öæÂ#¢G'VRÀ¢&÷2#¢°¢&Æ–çW‚ ¢ÒÀ¢&Væv–æW2#¢°¢&æöFR#¢#ãÓ‚ ¢Ð¢ÒÀ¢&æöFUöÖöGVÆW2÷w&ævÆW"öæöFUöÖöGVÆW2ôW6'V–ÆBöÆ–çW‚ÖÆööæscB#¢°¢'fW'6–öâ#¢#ã#‚ã"À¢'&W6öÇfVB#¢&‡GG3¢ò÷&Vv—7G'’æçÖ§2æ÷&rôW6'V–ÆBöÆ–çW‚ÖÆööæscBòÒöÆ–çW‚ÖÆööæscBÓã#‚ãçFw¢"À¢&–çFVw&—G’#¢'6†S"ÔÓW5&¥Ue§&¶Óô#6FÄõ—¤æÔâ¶Æõ¤´uf“eUw'wWÆ6%#gT¢¶fÔÖ†¤6Tƒ5•d·e§¢·¥C¦Æ‚ö¶T35&¢öÆsÓÒ"À¢&7R#¢°¢&ÆööæscB ¢ÒÀ¢&FWb#¢G'VRÀ¢&Æ–6Vç6R#¢$Ô•B"À¢&÷F–öæÂ#¢G'VRÀ¢&÷2#¢°¢&Æ–çW‚ ¢ÒÀ¢&Væv–æW2#¢°¢&æöFR#¢#ãÓ‚ ¢Ð¢ÒÀ¢&æöFUöÖöGVÆW2÷w&ævÆW"öæöFUöÖöGVÆW2ôW6'V–ÆBöÆ–çW‚ÖÖ—3cFVÂ#¢°¢'fW'6–öâ#¢#ã#‚ã"À¢'&W6öÇfVB#¢&‡GG3¢ò÷&Vv—7G'’æçÖ§2æ÷&rôW6'V–ÆBöÆ–çW‚ÖÖ—3cFVÂòÒöÆ–çW‚ÖÖ—3cFVÂÓã#‚ãçFw¢"À¢&–çFVw&—G’#¢'6†S"ÖÕ$ö$%¦T†ƒ$÷†4$etRôf§–Æµ&u¦E—V•E#7fF÷§T4tôƒF•–ôãGƒDvSƒ6ô”E•%†Ô—‡gVÔ¤'ST×E§å¥ÓÒ"À¢&7R#¢°¢&Ö—3cFVÂ ¢ÒÀ¢&FWb#¢G'VRÀ¢&Æ–6Vç6R#¢$Ô•B"À¢&÷F–öæÂ#¢G'VRÀ¢&÷2#¢°¢&Æ–çW‚ ¢ÒÀ¢&Væv–æW2#¢°¢&æöFR#¢#ãÓ‚ ¢Ð¢ÒÀ¢&æöFUöÖöGVÆW2÷w&ævÆW"öæöFUöÖöGVÆW2ôW6'V–ÆBöÆ–çW‚×3cB#¢°¢'fW'6–öâ#¢#ã#‚ã"À¢'&W6öÇfVB#¢&‡GG3¢ò÷&Vv—7G'’æçÖ§2æ÷&rôW6'V–ÆBöÆ–çW‚×3cBòÒöÆ–çW‚×3cBÓã#‚ãçFw¢"À¢&–çFVw&—G’#¢'6†S"×6Å64'4Ô#4tdF6G$6tÇu§E•&ôƒ$‚÷–÷Wc•§•&¦×5C†g¦æ÷fUw—E6t4’õ#¦5Vw3¦„•TWƒdÄ‡G3‡—&eÓÒ"À¢&7R#¢°¢'3cB ¢ÒÀ¢&FWb#¢G'VRÀ¢&Æ–6Vç6R#¢$Ô•B"À¢&÷F–öæÂ#¢G'VRÀ¢&÷2#¢°¢&Æ–çW‚ ¢ÒÀ¢&Væv–æW2#¢°¢&æöFR#¢#ãÓ‚ ¢Ð¢ÒÀ¢&æöFUöÖöGVÆW2÷w&ævÆW"öæöFUöÖöGVÆW2ôW6'V–ÆBöÆ–çW‚×&—67ccB#¢°¢'fW'6–öâ#¢#ã#‚ã"À¢'&W6öÇfVB#¢&‡GG3¢ò÷&Vv—7G'’æçÖ§2æ÷&rôW6'V–ÆBöÆ–çW‚×&—67ccBòÒöÆ–çW‚×&—67ccBÓã#‚ãçFw¢"À¢&–çFVw&—G’#¢'6†S"Ö·s÷v³ótdUET§•s¦3sE—§3$…¦ã¤E£„¥%Cƒ‡f¤¥•ƒsst$3dDw„2·ƒ3÷3$ED3“fÔç4s&÷Fg—•ÓÒ"À¢&7R#¢°¢'&—67ccB ¢ÒÀ¢&FWb#¢G'VRÀ¢&Æ–6Vç6R#¢$Ô•B"À¢&÷F–öæÂ#¢G'VRÀ¢&÷2#¢°¢&Æ–çW‚ ¢ÒÀ¢&Væv–æW2#¢°¢&æöFR#¢#ãÓ‚ ¢Ð¢ÒÀ¢&æöFUöÖöGVÆW2÷w&ævÆW"öæöFUöÖöGVÆW2ôW6'V–ÆBöÆ–çW‚×33“‚#¢°¢'fW'6–öâ#¢#ã#‚ã"À¢'&W6öÇfVB#¢&‡GG3¢ò÷&Vv—7G'’æçÖ§2æ÷&rôW6'V–ÆBöÆ–çW‚×33“‚òÒöÆ–çW‚×33“‚Óã#‚ãçFw¢"À¢&–çFVw&—G’#¢'6†S"ÒöÄ–¥ƒ†”e$'–†ƒdÃW%—ETE'–FRóEbö§Tõ†7FVg&§g¥„óB÷7WG——G6Ss7¥¤gUwSV4DãÖ´Ç£'$DC$sÓÒ"À¢&7R#¢°¢'33“‚ ¢ÒÀ¢&FWb#¢G'VRÀ¢&Æ–6Vç6R#¢$Ô•B"À¢&÷F–öæÂ#¢G'VRÀ¢&÷2#¢°¢&Æ–çW‚ ¢ÒÀ¢&Væv–æW2#¢°¢&æöFR#¢#ãÓ‚ ¢Ð¢ÒÀ¢&æöFUöÖöGVÆW2÷w&ævÆW"öæöFUöÖöGVÆW2ôW6'V–ÆBöÆ–çW‚×ƒcB#¢°¢'fW'6–öâ#¢#ã#‚ã"À¢'&W6öÇfVB#¢&‡GG3¢ò÷&Vv—7G'’æçÖ§2æ÷&rôW6'V–ÆBöÆ–çW‚×ƒcBòÒöÆ–çW‚×ƒcBÓã#‚ãçFw¢"À¢&–çFVw&—G’#¢'6†S"×Röäå”c&ÖÕdôTGtÇFåt÷#4U£—5DätÅw'5”u—t…w¤t56“ƒD”ö´…†Æ%uDCä"³’óÆ6çvU”´óSGV‡…§–Dç¦dÓÒ"À¢&7R#¢°¢'ƒcB ¢ÒÀ¢&FWb#¢G'VRÀ¢&Æ–6Vç6R#¢$Ô•B"À¢&÷F–öæÂ#¢G'VRÀ¢&÷2#¢°¢&Æ–çW‚ ¢ÒÀ¢&Væv–æW2#¢°¢&æöFR#¢#ãÓ‚ ¢Ð¢ÒÀ¢&æöFUöÖöGVÆW2÷w&ævÆW"öæöFUöÖöGVÆW2ôW6'V–ÆBöæWF'6BÖ&ÓcB#¢°¢'fW'6–öâ#¢#ã#‚ã"À¢'&W6öÇfVB#¢&‡GG3¢ò÷&Vv—7G'’æçÖ§2æ÷&rôW6'V–ÆBöæWF'6BÖ&ÓcBòÒöæWF'6BÖ&ÓcBÓã#‚ãçFw¢"À¢&–çFVw&—G’#¢'6†S"Öö·3E–$ÇutÖÖµG46"·¤ÃDR¶…%dÆöÓ””¥¤ôF„ÕU•×–E„†·¦•”W4u•'ƒTåbô–¤T´tc“C§¤ƒ'fÇsÓÒ"À¢&7R#¢°¢&&ÓcB ¢ÒÀ¢&FWb#¢G'VRÀ¢&Æ–6Vç6R#¢$Ô•B"À¢&÷F–öæÂ#¢G'VRÀ¢&÷2#¢°¢&æWF'6B ¢ÒÀ¢&Væv–æW2#¢°¢&æöFR#¢#ãÓ‚ ¢Ð¢ÒÀ¢&æöFUöÖöGVÆW2÷w&ævÆW"öæöFUöÖöGVÆW2ôW6'V–ÆBöæWF'6B×ƒcB#¢°¢'fW'6–öâ#¢#ã#‚ã"À¢'&W6öÇfVB#¢&‡GG3¢ò÷&Vv—7G'’æçÖ§2æ÷&rôW6'V–ÆBöæWF'6B×ƒcBòÒöæWF'6B×ƒcBÓã#‚ãçFw¢"À¢&–çFVw&—G’#¢'6†S"ÖTÃfÄäãƒ”‡£C4ÖÆƒs„&6'Võ—e4•DDWƒD†ƒV#v¤¦ä†777v§“•—ƒC3tGÔ6d÷—$¶õ3å&¤·VæE&—¤vsÓÒ"À¢&7R#¢°¢'ƒcB ¢ÒÀ¢&FWb#¢G'VRÀ¢&Æ–6Vç6R#¢$Ô•B"À¢&÷F–öæÂ#¢G'VRÀ¢&÷2#¢°¢&æWF'6B ¢ÒÀ¢&Væv–æW2#¢°¢&æöFR#¢#ãÓ‚ ¢Ð¢ÒÀ¢&æöFUöÖöGVÆW2÷w&ævÆW"öæöFUöÖöGVÆW2ôW6'V–ÆBö÷Væ'6BÖ&ÓcB#¢°¢'fW'6–öâ#¢#ã#‚ã"À¢'&W6öÇfVB#¢&‡GG3¢ò÷&Vv—7G'’æçÖ§2æ÷&rôW6'V–ÆBö÷Væ'6BÖ&ÓcBòÒö÷Væ'6BÖ&ÓcBÓã#‚ãçFw¢"À¢&–çFVw&—G’#¢'6†S"ÔÔTd¦ST35#‡u†E£U“#öófÓvU•3C—wV6ã“”ò÷wg”¥¤6†ô•·%G„·$vUs„cRµCöµD†W4ÔFV”„ED—bõÓÒ"À¢&7R#¢°¢&&ÓcB ¢ÒÀ¢&FWb#¢G'VRÀ¢&Æ–6Vç6R#¢$Ô•B"À¢&÷F–öæÂ#¢G'VRÀ¢&÷2#¢°¢&÷Væ'6B ¢ÒÀ¢&Væv–æW2#¢°¢&æöFR#¢#ãÓ‚ ¢Ð¢ÒÀ¢&æöFUöÖöGVÆW2÷w&ævÆW"öæöFUöÖöGVÆW2ôW6'V–ÆBö÷Væ'6B×ƒcB#¢°¢'fW'6–öâ#¢#ã#‚ã"À¢'&W6öÇfVB#¢&‡GG3¢ò÷&Vv—7G'’æçÖ§2æ÷&rôW6'V–ÆBö÷Væ'6B×ƒcBòÒö÷Væ'6B×ƒcBÓã#‚ãçFw¢"À¢&–çFVw&—G’#¢'6†S"Ö’õ¤Ä”ödS£†4’õ„ä¤—†ô¤Â÷U$õ3'„ô7&#„â´´³³sv4Ô5–·¤‡D''DÕ„·T3t„vv5v•¢÷5$3ç†wsÓÒ"À¢&7R#¢°¢'ƒcB ¢ÒÀ¢&FWb#¢G'VRÀ¢&Æ–6Vç6R#¢$Ô•B"À¢&÷F–öæÂ#¢G'VRÀ¢&÷2#¢°¢&÷Væ'6B ¢ÒÀ¢&Væv–æW2#¢°¢&æöFR#¢#ãÓ‚ ¢Ð¢ÒÀ¢&æöFUöÖöGVÆW2÷w&ævÆW"öæöFUöÖöGVÆW2ôW6'V–ÆBö÷Væ†&Ööç’Ö&ÓcB#¢°¢'fW'6–öâ#¢#ã#‚ã"À¢'&W6öÇfVB#¢&‡GG3¢ò÷&Vv—7G'’æçÖ§2æ÷&rôW6'V–ÆBö÷Væ†&Ööç’Ö&ÓcBòÒö÷Væ†&Ööç’Ö&ÓcBÓã#‚ãçFw¢"À¢&–çFVw&—G’#¢'6†S"ÖvRµ£tU„dçC$$óô×5g•„WvæEc–“…†W$UD”³tE36$´e…ÓvæÅ'„E4•T”ÖWVU#4å‡‡§DÇ¦DæU&T´$¦sÓÒ"À¢&7R#¢°¢&&ÓcB ¢ÒÀ¢&FWb#¢G'VRÀ¢&Æ–6Vç6R#¢$Ô•B"À¢&÷F–öæÂ#¢G'VRÀ¢&÷2#¢°¢&÷Væ†&Ööç’ ¢ÒÀ¢&Væv–æW2#¢°¢&æöFR#¢#ãÓ‚ ¢Ð¢ÒÀ¢&æöFUöÖöGVÆW2÷w&ævÆW"öæöFUöÖöGVÆW2ôW6'V–ÆB÷7Væ÷2×ƒcB#¢°¢'fW'6–öâ#¢#ã#‚ã"À¢'&W6öÇfVB#¢&‡GG3¢ò÷&Vv—7G'’æçÖ§2æ÷&rôW6'V–ÆB÷7Væ÷2×ƒcBòÒ÷7Væ÷2×ƒcBÓã#‚ãçFw¢"À¢&–çFVw&—G’#¢'6†S"Ô$V¦wDT6´Ã7e’µ65fç¥ff”ÅVTg‡w—„¦ÖcUE–†cVsCã‚ö‡†Æ‡G2¶cge7f$V–vG…34&Å4Ô“%¤Æ5ÓÒ"À¢&7R#¢°¢'ƒcB ¢ÒÀ¢&FWb#¢G'VRÀ¢&Æ–6Vç6R#¢$Ô•B"À¢&÷F–öæÂ#¢G'VRÀ¢&÷2#¢°¢'7Væ÷2 ¢ÒÀ¢&Væv–æW2#¢°¢&æöFR#¢#ãÓ‚ ¢Ð¢ÒÀ¢&æöFUöÖöGVÆW2÷w&ævÆW"öæöFUöÖöGVÆW2ôW6'V–ÆB÷v–ã3"Ö&ÓcB#¢°¢'fW'6–öâ#¢#ã#‚ã"À¢'&W6öÇfVB#¢&‡GG3¢ò÷&Vv—7G'’æçÖ§2æ÷&rôW6'V–ÆB÷v–ã3"Ö&ÓcBòÒ÷v–ã3"Ö&ÓcBÓã#‚ãçFw¢"À¢&–çFVw&—G’#¢'6†S"ÖÄ7c–T²ôƒe¤¥v$Sv&ƒ&çsSD5£”Ó&çW'„¦5G6F²õåv¶E6¤´wW†ÖÔƒ‚ôuw&ÅCTÖÕ¦fãFDv46¥'FS3“uwe„ÓÒ"À¢&7R#¢°¢&&ÓcB ¢ÒÀ¢&FWb#¢G'VRÀ¢&Æ–6Vç6R#¢$Ô•B"À¢&÷F–öæÂ#¢G'VRÀ¢&÷2#¢°¢'v–ã3" ¢ÒÀ¢&Væv–æW2#¢°¢&æöFR#¢#ãÓ‚ ¢Ð¢ÒÀ¢&æöFUöÖöGVÆW2÷w&ævÆW"öæöFUöÖöGVÆW2ôW6'V–ÆB÷v–ã3"Ö–3"#¢°¢'fW'6–öâ#¢#ã#‚ã"À¢'&W6öÇfVB#¢&‡GG3¢ò÷&Vv—7G'’æçÖ§2æ÷&rôW6'V–ÆB÷v–ã3"Ö–3"òÒ÷v–ã3"Ö–3"Óã#‚ãçFw¢"À¢&–çFVw&—G’#¢'6†S"×§f"öÔ#&%46ô¤÷ô4&u”´·ƒe”ÓfÔ¤&Ä%UeWEf£CFÅ¤¥dT#bó4¶Å%—…WuvÃ3”Æ”6ôSWu¥£G7U3dVsÓÒ"À¢&7R#¢°¢&–3" ¢ÒÀ¢&FWb#¢G'VRÀ¢&Æ–6Vç6R#¢$Ô•B"À¢&÷F–öæÂ#¢G'VRÀ¢&÷2#¢°¢'v–ã3" ¢ÒÀ¢&Væv–æW2#¢°¢&æöFR#¢#ãÓ‚ ¢Ð¢ÒÀ¢&æöFUöÖöGVÆW2÷w&ævÆW"öæöFUöÖöGVÆW2ôW6'V–ÆB÷v–ã3"×ƒcB#¢°¢'fW'6–öâ#¢#ã#‚ã"À¢'&W6öÇfVB#¢&‡GG3¢ò÷&Vv—7G'’æçÖ§2æ÷&rôW6'V–ÆB÷v–ã3"×ƒcBòÒ÷v–ã3"×ƒcBÓã#‚ãçFw¢"À¢&–çFVw&—G’#¢'6†S"Ö&ÓDÖ÷w'b´u„ÖÇu‚²´V5‡rö”Ç–Có2¶$¦´3$Fµu…•gfu¤7Bö%6£–7E¦TÔ364—†v¥%e#$GVf—SE•‡#VusÓÒ"À¢&7R#¢°¢'ƒcB ¢ÒÀ¢&FWb#¢G'VRÀ¢&Æ–6Vç6R#¢$Ô•B"À¢&÷F–öæÂ#¢G'VRÀ¢&÷2#¢°¢'v–ã3" ¢ÒÀ¢&Væv–æW2#¢°¢&æöFR#¢#ãÓ‚ ¢Ð¢ÒÀ¢&æöFUöÖöGVÆW2÷w&ævÆW"öæöFUöÖöGVÆW2öW6'V–ÆB#¢°¢'fW'6–öâ#¢#ã#‚ã"À¢'&W6öÇfVB#¢&‡GG3¢ò÷&Vv—7G'’æçÖ§2æ÷&röW6'V–ÆBòÒöW6'V–ÆBÓã#‚ãçFw¢"À¢&–çFVw&—G’#¢'6†S"Ô‡$§'e§cV—„'¥gw„öôç¦·¤ô”–Æ–g¦³´§$t³&3…#B´Ä·×G”ÅUVF¦çv¥wbôÅ¦Æ´ƒ&Æ¦²³Gss‡““”CEgsÓÒ"À¢&FWb#¢G'VRÀ¢&†4–ç7FÆÅ67&—B#¢G'VRÀ¢&Æ–6Vç6R#¢$Ô•B"À¢&&–â#¢°¢&W6'V–ÆB#¢&&–âöW6'V–ÆB ¢ÒÀ¢&Væv–æW2#¢°¢&æöFR#¢#ãÓ‚ ¢ÒÀ¢&÷F–öæÄFWVæFVæ6–W2#¢°¢$W6'V–ÆBö—‚×3cB#¢#ã#‚ã"À¢$W6'V–ÆBöæG&ö–BÖ&Ò#¢#ã#‚ã"À¢$W6'V–ÆBöæG&ö–BÖ&ÓcB#¢#ã#‚ã"À¢$W6'V–ÆBöæG&ö–B×ƒcB#¢#ã#‚ã"À¢$W6'V–ÆBöF'v–âÖ&ÓcB#¢#ã#‚ã"À¢$W6'V–ÆBöF'v–â×ƒcB#¢#ã#‚ã"À¢$W6'V–ÆBög&VV'6BÖ&ÓcB#¢#ã#‚ã"À¢$W6'V–ÆBög&VV'6B×ƒcB#¢#ã#‚ã"À¢$W6'V–ÆBöÆ–çW‚Ö&Ò#¢#ã#‚ã"À¢$W6'V–ÆBöÆ–çW‚Ö&ÓcB#¢#ã#‚ã"À¢$W6'V–ÆBöÆ–çW‚Ö–3"#¢#ã#‚ã"À¢$W6'V–ÆBöÆ–çW‚ÖÆööæscB#¢#ã#‚ã"À¢$W6'V–ÆBöÆ–çW‚ÖÖ—3cFVÂ#¢#ã#‚ã"À¢$W6'V–ÆBöÆ–çW‚×3cB#¢#ã#‚ã"À¢$W6'V–ÆBöÆ–çW‚×&—67ccB#¢#ã#‚ã"À¢$W6'V–ÆBöÆ–çW‚×33“‚#¢#ã#‚ã"À¢$W6'V–ÆBöÆ–çW‚×ƒcB#¢#ã#‚ã"À¢$W6'V–ÆBöæWF'6BÖ&ÓcB#¢#ã#‚ã"À¢$W6'V–ÆBöæWF'6B×ƒcB#¢#ã#‚ã"À¢$W6'V–ÆBö÷Væ'6BÖ&ÓcB#¢#ã#‚ã"À¢$W6'V–ÆBö÷Væ'6B×ƒcB#¢#ã#‚ã"À¢$W6'V–ÆBö÷Væ†&Ööç’Ö&ÓcB#¢#ã#‚ã"À¢$W6'V–ÆB÷7Væ÷2×ƒcB#¢#ã#‚ã"À¢$W6'V–ÆB÷v–ã3"Ö&ÓcB#¢#ã#‚ã"À¢$W6'V–ÆB÷v–ã3"Ö–3"#¢#ã#‚ã"À¢$W6'V–ÆB÷v–ã3"×ƒcB#¢#ã#‚ã ¢Ð¢ÒÀ¢&æöFUöÖöGVÆW2÷w&Öç6’#¢°¢'fW'6–öâ#¢#rãã"À¢'&W6öÇfVB#¢&‡GG3¢ò÷&Vv—7G'’æçÖ§2æ÷&r÷w&Öç6’òÒ÷w&Öç6’ÓrããçFw¢"À¢&–çFVw&—G’#¢'6†S"Õ•dt–£&¶ÔÅ5G‡sdç5¦¦ô'†e7w6ã–6FW6Ö3Gµ#3W¥U£Â´æg…fG…FD‡fÔådõe…5”sDWG—Bôf“tCeÓÒ"À¢&FWb#¢G'VRÀ¢&Æ–6Vç6R#¢$Ô•B"À¢&FWVæFVæ6–W2#¢°¢&ç6’×7G–ÆW2#¢%ãBãã"À¢'7G&–ær×v–GF‚#¢%ãBãã"À¢'7G&—Öç6’#¢%ãbãã ¢ÒÀ¢&Væv–æW2#¢°¢&æöFR#¢#ãÓ ¢ÒÀ¢&gVæF–ær#¢°¢'W&Â#¢&‡GG3¢òöv—F‡V"æ6öÒö6†Æ²÷w&Öç6“÷7öç6÷#Ó ¢Ð¢ÒÀ¢&æöFUöÖöGVÆW2÷w2#¢°¢'fW'6–öâ#¢#‚ã#ã"À¢'&W6öÇfVB#¢&‡GG3¢ò÷&Vv—7G'’æçÖ§2æ÷&r÷w2òÒ÷w2Ó‚ã#ãçFw¢"À¢&–çFVw&—G’#¢'6†S"Õg7#†#tE&6–Ôeg'S%vV³7£•—„D5w…”#…6æ²õ3E&f5¥u”$çUf¤¥c66CeV”·EWGg4äÓsvuwg¦44‚¶sÓÒ"À¢&FWb#¢G'VRÀ¢&Æ–6Vç6R#¢$Ô•B"À¢&Væv–æW2#¢°¢&æöFR#¢#ãÓãã ¢ÒÀ¢'VW$FWVæFVæ6–W2#¢°¢&'VffW'WF–Â#¢%ãBãã"À¢'WFbÓ‚×fÆ–FFR#¢#ãÓRãã" ¢ÒÀ¢'VW$FWVæFVæ6–W4ÖWF#¢°¢&'VffW'WF–Â#¢°¢&÷F–öæÂ#¢G'VP¢ÒÀ¢'WFbÓ‚×fÆ–FFR#¢°¢&÷F–öæÂ#¢G'VP¢Ð¢Ð¢ÒÀ¢&æöFUöÖöGVÆW2÷†ÖÂÖæÖR×fÆ–FF÷"#¢°¢'fW'6–öâ#¢#Rãã"À¢'&W6öÇfVB#¢&‡GG3¢ò÷&Vv—7G'’æçÖ§2æ÷&r÷†ÖÂÖæÖR×fÆ–FF÷"òÒ÷†ÖÂÖæÖR×fÆ–FF÷"ÓRããçFw¢"À¢&–çFVw&—G’#¢'6†S"ÔWdt³„T£4F††f%&ÄUDõt3Wó”Õ¤•FVT„´§–#‡w–¥VeVVæ´–s$×dÄEE£EBõFt–6Ó4…SDd&uuv&ô£3T†sÓÒ"À¢&FWb#¢G'VRÀ¢&Æ–6Vç6R#¢$6†RÓ"ã"À¢&Væv–æW2#¢°¢&æöFR#¢#ãÓ‚ ¢Ð¢ÒÀ¢&æöFUöÖöGVÆW2÷†ÖÆ6†'2#¢°¢'fW'6–öâ#¢#"ã"ã"À¢'&W6öÇfVB#¢&‡GG3¢ò÷&Vv—7G'’æçÖ§2æ÷&r÷†ÖÆ6†'2òÒ÷†ÖÆ6†'2Ó"ã"ãçFw¢"À¢&–çFVw&—G’#¢'6†S"Ô¥¦äD´³„#$4GsƒDdæDD—¤²´§T§r·3tÇ£†æ·4“u4—US5U„¤§6ÅWF‡6’·Ut%U”÷ugususu$Å&eT·†§F¤d7sÓÒ"À¢&FWb#¢G'VRÀ¢&Æ–6Vç6R#¢$Ô•B ¢ÒÀ¢&æöFUöÖöGVÆW2÷“†â#¢°¢'fW'6–öâ#¢#Rãã‚"À¢'&W6öÇfVB#¢&‡GG3¢ò÷&Vv—7G'’æçÖ§2æ÷&r÷“†âòÒ÷“†âÓRãã‚çFw¢"À¢&–çFVw&—G’#¢'6†S"Ódg¦VvTEt¤„¤”ÕDÅ%$Gt†¦DcW3v¦ó—GW§FE„„”ä6Ge2³6ät”çC‡¥"óÆ„åU3bò³u46#“…”ödÓÒ"À¢&FWb#¢G'VRÀ¢&Æ–6Vç6R#¢$•42"À¢&Væv–æW2#¢°¢&æöFR#¢#ãÓ ¢Ð¢ÒÀ¢&æöFUöÖöGVÆW2÷–ÆÆ—7B#¢°¢'fW'6–öâ#¢#2ãã"À¢'&W6öÇfVB#¢&‡GG3¢ò÷&Vv—7G'’æçÖ§2æ÷&r÷–ÆÆ—7BòÒ÷–ÆÆ—7BÓ2ããçFw¢"À¢&–çFVw&—G’#¢'6†S"ÖETuuƒS–Ôõ…U–äs&Wvæ53F“DcC5Gc4¦ôÒ·3%dDÕ3”ç4³„wDÔÇ$4…·4eCvƒ4³eDöõTæã'#u&õ‡ƒFsÓÒ"À¢&FWb#¢G'VRÀ¢&Æ–6Vç6R#¢$•42 ¢ÒÀ¢&æöFUöÖöGVÆW2÷–&w2#¢°¢'fW'6–öâ#¢#rãrã""À¢'&W6öÇfVB#¢&‡GG3¢ò÷&Vv—7G'’æçÖ§2æ÷&r÷–&w2òÒ÷–&w2Órãrã"çFw¢"À¢&–çFVw&—G’#¢'6†S"ÓvE7§¥%²´4¶ää’ö·$¶å•%ct¤´µU„ÔVƒc6ö„¶s–×%tV‡¤ev„fç…„vÂ³c–4C÷Sc434åU6æÔ–7'g7TÓgsÓÒ"À¢&FWb#¢G'VRÀ¢&Æ–6Vç6R#¢$Ô•B"À¢&FWVæFVæ6–W2#¢°¢&6Æ—V’#¢%ã‚ãã"À¢&W66ÆFR#¢%ã2ãã"À¢&vWBÖ6ÆÆW"Öf–ÆR#¢%ã"ããR"À¢'&WV—&RÖF—&V7F÷'’#¢%ã"ãã"À¢'7G&–ær×v–GF‚#¢%ãBã"ã2"À¢'“†â#¢%ãRããR"À¢'–&w2×'6W"#¢%ã#ãã ¢ÒÀ¢&Væv–æW2#¢°¢&æöFR#¢#ãÓ" ¢Ð¢ÒÀ¢&æöFUöÖöGVÆW2÷–&w2×'6W"#¢°¢'fW'6–öâ#¢##ãã"À¢'&W6öÇfVB#¢&‡GG3¢ò÷&Vv—7G'’æçÖ§2æ÷&r÷–&w2×'6W"òÒ÷–&w2×'6W"Ó#ããçFw¢"À¢&–çFVw&—G’#¢'6†S"×Eg4¥stFF¦V4”g$”#S7„•4Sdæõ3RöUFG&&$”3FƒÅg5v†æö6r¶Ó$†6Ä$—V¤‡§7…£Ed¥d´uWV3"ôÄ'sÓÒ"À¢&FWb#¢G'VRÀ¢&Æ–6Vç6R#¢$•42"À¢&Væv–æW2#¢°¢&æöFR#¢#ãÓ" ¢Ð¢ÒÀ¢&æöFUöÖöGVÆW2÷–÷V6‚#¢°¢'fW'6–öâ#¢#BããÖ&WFã"À¢'&W6öÇfVB#¢&‡GG3¢ò÷&Vv—7G'’æçÖ§2æ÷&r÷–÷V6‚òÒ÷–÷V6‚ÓBããÖ&WFãçFw¢"À¢&–çFVw&—G’#¢'6†S"×$ÆedÄ#DfuæTG#GcöFD5e¦Ô¶¦4£g•ƒfÕ3GSƒ$×ôGC–64Å¥c'D$ÃDTò·Ug$7gEw£5¤eTÃ$„dd¢ô%…ÓÒ"À¢&FWb#¢G'VRÀ¢&Æ–6Vç6R#¢$Ô•B"À¢&FWVæFVæ6–W2#¢°¢$÷–ç72ö6öÆ÷'2#¢%ãBããR"À¢$÷–ç72öGV×W"#¢%ããbãB"À¢$7VVBÖ†–v†Æ–v‡Bö6÷&R#¢%ãã"ãr"À¢&6öö¶–R#¢%ããã""À¢'–÷V6‚Ö6÷&R#¢%ãã2ã2 ¢Ð¢ÒÀ¢&æöFUöÖöGVÆW2÷–÷V6‚Ö6÷&R#¢°¢'fW'6–öâ#¢#ã2ã2"À¢'&W6öÇfVB#¢&‡GG3¢ò÷&Vv—7G'’æçÖ§2æ÷&r÷–÷V6‚Ö6÷&RòÒ÷–÷V6‚Ö6÷&RÓã2ã2çFw¢"À¢&–çFVw&—G’#¢'6†S"Ö†óu‡Tv¤Æ£&…t†ô³‡”fç5Tw“%“WTG5Gf´„Ä³Bö÷·G•USf$ô÷…“D—3–ceDÆ§u–'6ÅW£óT'Cw$ÓÒ"À¢&FWb#¢G'VRÀ¢&Æ–6Vç6R#¢$Ô•B"À¢&FWVæFVæ6–W2#¢°¢$÷–ç72öW†6WF–öâ#¢%ãã"ã""À¢&W'&÷"×7F6²×'6W"ÖW2#¢%ãããR ¢Ð¢Ð¢Ð§Ð